
Microsoft Visual Studio Solution File, Format Version 12.00
# Visual Studio Version 17
VisualStudioVersion = 17.3.32929.385
MinimumVisualStudioVersion = 10.0.40219.1
Project("{FAE04EC0-301F-11D3-BF4B-00C04F79EFBC}") = "RevitAPI_3_6_1", "R_3_6_1\RevitAPI_3_6_1.csproj", "{EF640C6E-37AB-4274-9853-7FE7DF4DA198}"
EndProject
Global
	GlobalSection(SolutionConfigurationPlatforms) = preSolution
		Debug|Any CPU = Debug|Any CPU
		Release|Any CPU = Release|Any CPU
	EndGlobalSection
	GlobalSection(ProjectConfigurationPlatforms) = postSolution
		{EF640C6E-37AB-4274-9853-7FE7DF4DA198}.Debug|Any CPU.ActiveCfg = Debug|Any CPU
		{EF640C6E-37AB-4274-9853-7FE7DF4DA198}.Debug|Any CPU.Build.0 = Debug|Any CPU
		{EF640C6E-37AB-4274-9853-7FE7DF4DA198}.Release|Any CPU.ActiveCfg = Release|Any CPU
		{EF640C6E-37AB-4274-9853-7FE7DF4DA198}.Release|Any CPU.Build.0 = Release|Any CPU
	EndGlobalSection
	GlobalSection(SolutionProperties) = preSolution
		HideSolutionNode = FALSE
	EndGlobalSection
	GlobalSection(ExtensibilityGlobals) = postSolution
		SolutionGuid = {67026415-EAC7-4796-9F0C-FAFF7DA07378}
	EndGlobalSection
EndGlobal
